
Microsoft Visual Studio Solution File, Format Version 12.00
# Visual Studio Version 16
VisualStudioVersion = 16.0.29728.190
MinimumVisualStudioVersion = 10.0.40219.1
Project("{FAE04EC0-301F-11D3-BF4B-00C04F79EFBC}") = "Almacen", "Almacen.csproj", "{3A983C64-EACE-484C-9B74-16EC2BCA81F5}"
EndProject
Global
	GlobalSection(SolutionConfigurationPlatforms) = preSolution
		Debug|Any CPU = Debug|Any CPU
		Release|Any CPU = Release|Any CPU
	EndGlobalSection
	GlobalSection(ProjectConfigurationPlatforms) = postSolution
		{3A983C64-EACE-484C-9B74-16EC2BCA81F5}.Debug|Any CPU.ActiveCfg = Debug|Any CPU
		{3A983C64-EACE-484C-9B74-16EC2BCA81F5}.Debug|Any CPU.Build.0 = Debug|Any CPU
		{3A983C64-EACE-484C-9B74-16EC2BCA81F5}.Release|Any CPU.ActiveCfg = Release|Any CPU
		{3A983C64-EACE-484C-9B74-16EC2BCA81F5}.Release|Any CPU.Build.0 = Release|Any CPU
	EndGlobalSection
	GlobalSection(SolutionProperties) = preSolution
		HideSolutionNode = FALSE
	EndGlobalSection
	GlobalSection(ExtensibilityGlobals) = postSolution
		SolutionGuid = {04EE25E7-A6E2-4415-8425-E5B4049A7022}
	EndGlobalSection
EndGlobal
